
Microsoft Visual Studio Solution File, Format Version 12.00
# Visual Studio Version 17
VisualStudioVersion = 17.10.35201.131
MinimumVisualStudioVersion = 10.0.40219.1
Project("{FAE04EC0-301F-11D3-BF4B-00C04F79EFBC}") = "PdfViewerTestNet8", "PdfViewerTestNet8\PdfViewerTestNet8.csproj", "{D21592B4-6365-4524-8B37-A485C2A2387E}"
EndProject
Project("{FAE04EC0-301F-11D3-BF4B-00C04F79EFBC}") = "PdfViewerTestNetFramework48", "PdfViewerTestNetFramework48\PdfViewerTestNetFramework48.csproj", "{6590799D-7DEA-477C-AA57-6AD8A3DE14C4}"
EndProject
Global
	GlobalSection(SolutionConfigurationPlatforms) = preSolution
		Debug|Any CPU = Debug|Any CPU
		Release|Any CPU = Release|Any CPU
	EndGlobalSection
	GlobalSection(ProjectConfigurationPlatforms) = postSolution
		{D21592B4-6365-4524-8B37-A485C2A2387E}.Debug|Any CPU.ActiveCfg = Debug|Any CPU
		{D21592B4-6365-4524-8B37-A485C2A2387E}.Debug|Any CPU.Build.0 = Debug|Any CPU
		{D21592B4-6365-4524-8B37-A485C2A2387E}.Release|Any CPU.ActiveCfg = Release|Any CPU
		{D21592B4-6365-4524-8B37-A485C2A2387E}.Release|Any CPU.Build.0 = Release|Any CPU
		{6590799D-7DEA-477C-AA57-6AD8A3DE14C4}.Debug|Any CPU.ActiveCfg = Debug|Any CPU
		{6590799D-7DEA-477C-AA57-6AD8A3DE14C4}.Debug|Any CPU.Build.0 = Debug|Any CPU
		{6590799D-7DEA-477C-AA57-6AD8A3DE14C4}.Release|Any CPU.ActiveCfg = Release|Any CPU
		{6590799D-7DEA-477C-AA57-6AD8A3DE14C4}.Release|Any CPU.Build.0 = Release|Any CPU
	EndGlobalSection
	GlobalSection(SolutionProperties) = preSolution
		HideSolutionNode = FALSE
	EndGlobalSection
	GlobalSection(ExtensibilityGlobals) = postSolution
		SolutionGuid = {2417CE89-AE97-4C08-AB9F-98AB5B09DFE2}
	EndGlobalSection
EndGlobal
